
Microsoft Visual Studio Solution File, Format Version 12.00
# Visual Studio Version 16
VisualStudioVersion = 16.0.29613.14
MinimumVisualStudioVersion = 10.0.40219.1
Project("{2150E333-8FDC-42A3-9474-1A3956D46DE8}") = "src", "src", "{1CEB138A-201D-4DE8-A5DB-115FA0FC2209}"
EndProject
Project("{2150E333-8FDC-42A3-9474-1A3956D46DE8}") = "Catalog", "Catalog", "{7DEEC585-13FB-4702-BAD3-6E8366148E4B}"
EndProject
Project("{9A19103F-16F7-4668-BE54-9A1E7A4F7556}") = "Catalog API", "src\Catalog\Catalog API\Catalog API.csproj", "{6268B80B-A880-45FF-B670-1D7F998B2E53}"
EndProject
Project("{E53339B2-1760-4266-BCC7-CA923CBCF16C}") = "docker-compose", "docker-compose.dcproj", "{8A394D53-F85F-459D-AD23-3926BA6E727B}"
EndProject
Project("{2150E333-8FDC-42A3-9474-1A3956D46DE8}") = "Basket", "Basket", "{FC8202AD-786F-4D63-87A9-2765C269E824}"
EndProject
Project("{9A19103F-16F7-4668-BE54-9A1E7A4F7556}") = "Basket.API", "src\Basket\Basket.API\Basket.API.csproj", "{318DEB8C-EE17-4F00-AA6E-42B9BB98A806}"
EndProject
Project("{2150E333-8FDC-42A3-9474-1A3956D46DE8}") = "Common", "Common", "{914EC3DE-C4D0-426D-8536-DC3AE8D0C387}"
EndProject
Project("{9A19103F-16F7-4668-BE54-9A1E7A4F7556}") = "EventBusRabbitMQ", "src\Common\EventBusRabbitMQ\EventBusRabbitMQ.csproj", "{EF41426F-21B0-4471-BE97-17B35A8971B9}"
EndProject
Project("{2150E333-8FDC-42A3-9474-1A3956D46DE8}") = "Ordering", "Ordering", "{1BEAB105-E097-42E4-95EE-C88FF3E693AC}"
EndProject
Project("{FAE04EC0-301F-11D3-BF4B-00C04F79EFBC}") = "Ordering.API", "src\Ordering\Ordering.API\Ordering.API.csproj", "{9687188D-338E-4CDF-8E2B-0E83872A486B}"
EndProject
Project("{FAE04EC0-301F-11D3-BF4B-00C04F79EFBC}") = "Ordering.Core", "src\Ordering\Ordering.Core\Ordering.Core.csproj", "{6F77964D-07DF-4CE4-8778-FB0A215CFAC7}"
EndProject
Project("{FAE04EC0-301F-11D3-BF4B-00C04F79EFBC}") = "Ordering.Infrastructure", "src\Ordering\Ordering.Infrastructure\Ordering.Infrastructure.csproj", "{37236468-9CF5-4F2E-8C41-D7C68B63ACD2}"
EndProject
Project("{FAE04EC0-301F-11D3-BF4B-00C04F79EFBC}") = "Ordering.Application", "src\Ordering\Ordering.Application\Ordering.Application.csproj", "{15C3CDAA-E661-4BF5-BEAC-7A4ACB90E9EA}"
EndProject
Global
	GlobalSection(SolutionConfigurationPlatforms) = preSolution
		Debug|Any CPU = Debug|Any CPU
		Release|Any CPU = Release|Any CPU
	EndGlobalSection
	GlobalSection(ProjectConfigurationPlatforms) = postSolution
		{6268B80B-A880-45FF-B670-1D7F998B2E53}.Debug|Any CPU.ActiveCfg = Debug|Any CPU
		{6268B80B-A880-45FF-B670-1D7F998B2E53}.Debug|Any CPU.Build.0 = Debug|Any CPU
		{6268B80B-A880-45FF-B670-1D7F998B2E53}.Release|Any CPU.ActiveCfg = Release|Any CPU
		{6268B80B-A880-45FF-B670-1D7F998B2E53}.Release|Any CPU.Build.0 = Release|Any CPU
		{8A394D53-F85F-459D-AD23-3926BA6E727B}.Debug|Any CPU.ActiveCfg = Debug|Any CPU
		{8A394D53-F85F-459D-AD23-3926BA6E727B}.Debug|Any CPU.Build.0 = Debug|Any CPU
		{8A394D53-F85F-459D-AD23-3926BA6E727B}.Release|Any CPU.ActiveCfg = Release|Any CPU
		{8A394D53-F85F-459D-AD23-3926BA6E727B}.Release|Any CPU.Build.0 = Release|Any CPU
		{318DEB8C-EE17-4F00-AA6E-42B9BB98A806}.Debug|Any CPU.ActiveCfg = Debug|Any CPU
		{318DEB8C-EE17-4F00-AA6E-42B9BB98A806}.Debug|Any CPU.Build.0 = Debug|Any CPU
		{318DEB8C-EE17-4F00-AA6E-42B9BB98A806}.Release|Any CPU.ActiveCfg = Release|Any CPU
		{318DEB8C-EE17-4F00-AA6E-42B9BB98A806}.Release|Any CPU.Build.0 = Release|Any CPU
		{EF41426F-21B0-4471-BE97-17B35A8971B9}.Debug|Any CPU.ActiveCfg = Debug|Any CPU
		{EF41426F-21B0-4471-BE97-17B35A8971B9}.Debug|Any CPU.Build.0 = Debug|Any CPU
		{EF41426F-21B0-4471-BE97-17B35A8971B9}.Release|Any CPU.ActiveCfg = Release|Any CPU
		{EF41426F-21B0-4471-BE97-17B35A8971B9}.Release|Any CPU.Build.0 = Release|Any CPU
		{9687188D-338E-4CDF-8E2B-0E83872A486B}.Debug|Any CPU.ActiveCfg = Debug|Any CPU
		{9687188D-338E-4CDF-8E2B-0E83872A486B}.Debug|Any CPU.Build.0 = Debug|Any CPU
		{9687188D-338E-4CDF-8E2B-0E83872A486B}.Release|Any CPU.ActiveCfg = Release|Any CPU
		{9687188D-338E-4CDF-8E2B-0E83872A486B}.Release|Any CPU.Build.0 = Release|Any CPU
		{6F77964D-07DF-4CE4-8778-FB0A215CFAC7}.Debug|Any CPU.ActiveCfg = Debug|Any CPU
		{6F77964D-07DF-4CE4-8778-FB0A215CFAC7}.Debug|Any CPU.Build.0 = Debug|Any CPU
		{6F77964D-07DF-4CE4-8778-FB0A215CFAC7}.Release|Any CPU.ActiveCfg = Release|Any CPU
		{6F77964D-07DF-4CE4-8778-FB0A215CFAC7}.Release|Any CPU.Build.0 = Release|Any CPU
		{37236468-9CF5-4F2E-8C41-D7C68B63ACD2}.Debug|Any CPU.ActiveCfg = Debug|Any CPU
		{37236468-9CF5-4F2E-8C41-D7C68B63ACD2}.Debug|Any CPU.Build.0 = Debug|Any CPU
		{37236468-9CF5-4F2E-8C41-D7C68B63ACD2}.Release|Any CPU.ActiveCfg = Release|Any CPU
		{37236468-9CF5-4F2E-8C41-D7C68B63ACD2}.Release|Any CPU.Build.0 = Release|Any CPU
		{15C3CDAA-E661-4BF5-BEAC-7A4ACB90E9EA}.Debug|Any CPU.ActiveCfg = Debug|Any CPU
		{15C3CDAA-E661-4BF5-BEAC-7A4ACB90E9EA}.Debug|Any CPU.Build.0 = Debug|Any CPU
		{15C3CDAA-E661-4BF5-BEAC-7A4ACB90E9EA}.Release|Any CPU.ActiveCfg = Release|Any CPU
		{15C3CDAA-E661-4BF5-BEAC-7A4ACB90E9EA}.Release|Any CPU.Build.0 = Release|Any CPU
	EndGlobalSection
	GlobalSection(SolutionProperties) = preSolution
		HideSolutionNode = FALSE
	EndGlobalSection
	GlobalSection(NestedProjects) = preSolution
		{7DEEC585-13FB-4702-BAD3-6E8366148E4B} = {1CEB138A-201D-4DE8-A5DB-115FA0FC2209}
		{6268B80B-A880-45FF-B670-1D7F998B2E53} = {7DEEC585-13FB-4702-BAD3-6E8366148E4B}
		{FC8202AD-786F-4D63-87A9-2765C269E824} = {1CEB138A-201D-4DE8-A5DB-115FA0FC2209}
		{318DEB8C-EE17-4F00-AA6E-42B9BB98A806} = {FC8202AD-786F-4D63-87A9-2765C269E824}
		{914EC3DE-C4D0-426D-8536-DC3AE8D0C387} = {1CEB138A-201D-4DE8-A5DB-115FA0FC2209}
		{EF41426F-21B0-4471-BE97-17B35A8971B9} = {914EC3DE-C4D0-426D-8536-DC3AE8D0C387}
		{1BEAB105-E097-42E4-95EE-C88FF3E693AC} = {1CEB138A-201D-4DE8-A5DB-115FA0FC2209}
		{9687188D-338E-4CDF-8E2B-0E83872A486B} = {1BEAB105-E097-42E4-95EE-C88FF3E693AC}
		{6F77964D-07DF-4CE4-8778-FB0A215CFAC7} = {1BEAB105-E097-42E4-95EE-C88FF3E693AC}
		{37236468-9CF5-4F2E-8C41-D7C68B63ACD2} = {1BEAB105-E097-42E4-95EE-C88FF3E693AC}
		{15C3CDAA-E661-4BF5-BEAC-7A4ACB90E9EA} = {1BEAB105-E097-42E4-95EE-C88FF3E693AC}
	EndGlobalSection
	GlobalSection(ExtensibilityGlobals) = postSolution
		SolutionGuid = {92E2115A-1600-4E50-BE2C-C6BD605C25BA}
	EndGlobalSection
EndGlobal
